// !$*UTF8*$!
{
	archiveVersion = 1;
	classes = {
	};
	objectVersion = 56;
	objects = {

/* Begin PBXBuildFile section */
		015CE9F52ABB42100074E929 /* PlayerView.swift in Sources */ = {isa = PBXBuildFile; fileRef = 015CE9F42ABB42100074E929 /* PlayerView.swift */; };
		018A9D282AB3CCD500BA6114 /* CatanScoreApp.swift in Sources */ = {isa = PBXBuildFile; fileRef = 018A9D272AB3CCD500BA6114 /* CatanScoreApp.swift */; };
		018A9D2A2AB3CCD500BA6114 /* ContentView.swift in Sources */ = {isa = PBXBuildFile; fileRef = 018A9D292AB3CCD500BA6114 /* ContentView.swift */; };
		018A9D2C2AB3CCD600BA6114 /* Assets.xcassets in Resources */ = {isa = PBXBuildFile; fileRef = 018A9D2B2AB3CCD600BA6114 /* Assets.xcassets */; };
		018A9D2F2AB3CCD600BA6114 /* Preview Assets.xcassets in Resources */ = {isa = PBXBuildFile; fileRef = 018A9D2E2AB3CCD600BA6114 /* Preview Assets.xcassets */; };
		018A9D392AB3CCD600BA6114 /* CatanScoreTests.swift in Sources */ = {isa = PBXBuildFile; fileRef = 018A9D382AB3CCD600BA6114 /* CatanScoreTests.swift */; };
		018A9D432AB3CCD600BA6114 /* CatanScoreUITests.swift in Sources */ = {isa = PBXBuildFile; fileRef = 018A9D422AB3CCD600BA6114 /* CatanScoreUITests.swift */; };
		018A9D452AB3CCD600BA6114 /* CatanScoreUITestsLaunchTests.swift in Sources */ = {isa = PBXBuildFile; fileRef = 018A9D442AB3CCD600BA6114 /* CatanScoreUITestsLaunchTests.swift */; };
		018A9D532AB8CC6700BA6114 /* Theme.swift in Sources */ = {isa = PBXBuildFile; fileRef = 018A9D522AB8CC6700BA6114 /* Theme.swift */; };
		018A9D552AB8F57400BA6114 /* Player.swift in Sources */ = {isa = PBXBuildFile; fileRef = 018A9D542AB8F57400BA6114 /* Player.swift */; };
/* End PBXBuildFile section */

/* Begin PBXContainerItemProxy section */
		018A9D352AB3CCD600BA6114 /* PBXContainerItemProxy */ = {
			isa = PBXContainerItemProxy;
			containerPortal = 018A9D1C2AB3CCD500BA6114 /* Project object */;
			proxyType = 1;
			remoteGlobalIDString = 018A9D232AB3CCD500BA6114;
			remoteInfo = CatanScore;
		};
		018A9D3F2AB3CCD600BA6114 /* PBXContainerItemProxy */ = {
			isa = PBXContainerItemProxy;
			containerPortal = 018A9D1C2AB3CCD500BA6114 /* Project object */;
			proxyType = 1;
			remoteGlobalIDString = 018A9D232AB3CCD500BA6114;
			remoteInfo = CatanScore;
		};
/* End PBXContainerItemProxy section */

/* Begin PBXFileReference section */
		015CE9F42ABB42100074E929 /* PlayerView.swift */ = {isa = PBXFileReference; lastKnownFileType = sourcecode.swift; path = PlayerView.swift; sourceTree = "<group>"; };
		018A9D242AB3CCD500BA6114 /* CatanScore.app */ = {isa = PBXFileReference; explicitFileType = wrapper.application; includeInIndex = 0; path = CatanScore.app; sourceTree = BUILT_PRODUCTS_DIR; };
		018A9D272AB3CCD500BA6114 /* CatanScoreApp.swift */ = {isa = PBXFileReference; lastKnownFileType = sourcecode.swift; path = CatanScoreApp.swift; sourceTree = "<group>"; };
		018A9D292AB3CCD500BA6114 /* ContentView.swift */ = {isa = PBXFileReference; lastKnownFileType = sourcecode.swift; path = ContentView.swift; sourceTree = "<group>"; };
		018A9D2B2AB3CCD600BA6114 /* Assets.xcassets */ = {isa = PBXFileReference; lastKnownFileType = folder.assetcatalog; path = Assets.xcassets; sourceTree = "<group>"; };
		018A9D2E2AB3CCD600BA6114 /* Preview Assets.xcassets */ = {isa = PBXFileReference; lastKnownFileType = folder.assetcatalog; path = "Preview Assets.xcassets"; sourceTree = "<group>"; };
		018A9D342AB3CCD600BA6114 /* CatanScoreTests.xctest */ = {isa = PBXFileReference; explicitFileType = wrapper.cfbundle; includeInIndex = 0; path = CatanScoreTests.xctest; sourceTree = BUILT_PRODUCTS_DIR; };
		018A9D382AB3CCD600BA6114 /* CatanScoreTests.swift */ = {isa = PBXFileReference; lastKnownFileType = sourcecode.swift; path = CatanScoreTests.swift; sourceTree = "<group>"; };
		018A9D3E2AB3CCD600BA6114 /* CatanScoreUITests.xctest */ = {isa = PBXFileReference; explicitFileType = wrapper.cfbundle; includeInIndex = 0; path = CatanScoreUITests.xctest; sourceTree = BUILT_PRODUCTS_DIR; };
		018A9D422AB3CCD600BA6114 /* CatanScoreUITests.swift */ = {isa = PBXFileReference; lastKnownFileType = sourcecode.swift; path = CatanScoreUITests.swift; sourceTree = "<group>"; };
		018A9D442AB3CCD600BA6114 /* CatanScoreUITestsLaunchTests.swift */ = {isa = PBXFileReference; lastKnownFileType = sourcecode.swift; path = CatanScoreUITestsLaunchTests.swift; sourceTree = "<group>"; };
		018A9D522AB8CC6700BA6114 /* Theme.swift */ = {isa = PBXFileReference; lastKnownFileType = sourcecode.swift; path = Theme.swift; sourceTree = "<group>"; };
		018A9D542AB8F57400BA6114 /* Player.swift */ = {isa = PBXFileReference; lastKnownFileType = sourcecode.swift; path = Player.swift; sourceTree = "<group>"; };
/* End PBXFileReference section */

/* Begin PBXFrameworksBuildPhase section */
		018A9D212AB3CCD500BA6114 /* Frameworks */ = {
			isa = PBXFrameworksBuildPhase;
			buildActionMask = 2147483647;
			files = (
			);
			runOnlyForDeploymentPostprocessing = 0;
		};
		018A9D312AB3CCD600BA6114 /* Frameworks */ = {
			isa = PBXFrameworksBuildPhase;
			buildActionMask = 2147483647;
			files = (
			);
			runOnlyForDeploymentPostprocessing = 0;
		};
		018A9D3B2AB3CCD600BA6114 /* Frameworks */ = {
			isa = PBXFrameworksBuildPhase;
			buildActionMask = 2147483647;
			files = (
			);
			runOnlyForDeploymentPostprocessing = 0;
		};
/* End PBXFrameworksBuildPhase section */

/* Begin PBXGroup section */
		018A9D1B2AB3CCD500BA6114 = {
			isa = PBXGroup;
			children = (
				018A9D262AB3CCD500BA6114 /* CatanScore */,
				018A9D372AB3CCD600BA6114 /* CatanScoreTests */,
				018A9D412AB3CCD600BA6114 /* CatanScoreUITests */,
				018A9D252AB3CCD500BA6114 /* Products */,
			);
			sourceTree = "<group>";
		};
		018A9D252AB3CCD500BA6114 /* Products */ = {
			isa = PBXGroup;
			children = (
				018A9D242AB3CCD500BA6114 /* CatanScore.app */,
				018A9D342AB3CCD600BA6114 /* CatanScoreTests.xctest */,
				018A9D3E2AB3CCD600BA6114 /* CatanScoreUITests.xctest */,
			);
			name = Products;
			sourceTree = "<group>";
		};
		018A9D262AB3CCD500BA6114 /* CatanScore */ = {
			isa = PBXGroup;
			children = (
				018A9D512AB8CBAB00BA6114 /* Models */,
				018A9D272AB3CCD500BA6114 /* CatanScoreApp.swift */,
				018A9D292AB3CCD500BA6114 /* ContentView.swift */,
				018A9D2B2AB3CCD600BA6114 /* Assets.xcassets */,
				018A9D2D2AB3CCD600BA6114 /* Preview Content */,
				015CE9F42ABB42100074E929 /* PlayerView.swift */,
			);
			path = CatanScore;
			sourceTree = "<group>";
		};
		018A9D2D2AB3CCD600BA6114 /* Preview Content */ = {
			isa = PBXGroup;
			children = (
				018A9D2E2AB3CCD600BA6114 /* Preview Assets.xcassets */,
			);
			path = "Preview Content";
			sourceTree = "<group>";
		};
		018A9D372AB3CCD600BA6114 /* CatanScoreTests */ = {
			isa = PBXGroup;
			children = (
				018A9D382AB3CCD600BA6114 /* CatanScoreTests.swift */,
			);
			path = CatanScoreTests;
			sourceTree = "<group>";
		};
		018A9D412AB3CCD600BA6114 /* CatanScoreUITests */ = {
			isa = PBXGroup;
			children = (
				018A9D422AB3CCD600BA6114 /* CatanScoreUITests.swift */,
				018A9D442AB3CCD600BA6114 /* CatanScoreUITestsLaunchTests.swift */,
			);
			path = CatanScoreUITests;
			sourceTree = "<group>";
		};
		018A9D512AB8CBAB00BA6114 /* Models */ = {
			isa = PBXGroup;
			children = (
				018A9D522AB8CC6700BA6114 /* Theme.swift */,
				018A9D542AB8F57400BA6114 /* Player.swift */,
			);
			path = Models;
			sourceTree = "<group>";
		};
/* End PBXGroup section */

/* Begin PBXNativeTarget section */
		018A9D232AB3CCD500BA6114 /* CatanScore */ = {
			isa = PBXNativeTarget;
			buildConfigurationList = 018A9D482AB3CCD600BA6114 /* Build configuration list for PBXNativeTarget "CatanScore" */;
			buildPhases = (
				018A9D202AB3CCD500BA6114 /* Sources */,
				018A9D212AB3CCD500BA6114 /* Frameworks */,
				018A9D222AB3CCD500BA6114 /* Resources */,
			);
			buildRules = (
			);
			dependencies = (
			);
			name = CatanScore;
			productName = CatanScore;
			productReference = 018A9D242AB3CCD500BA6114 /* CatanScore.app */;
			productType = "com.apple.product-type.application";
		};
		018A9D332AB3CCD600BA6114 /* CatanScoreTests */ = {
			isa = PBXNativeTarget;
			buildConfigurationList = 018A9D4B2AB3CCD600BA6114 /* Build configuration list for PBXNativeTarget "CatanScoreTests" */;
			buildPhases = (
				018A9D302AB3CCD600BA6114 /* Sources */,
				018A9D312AB3CCD600BA6114 /* Frameworks */,
				018A9D322AB3CCD600BA6114 /* Resources */,
			);
			buildRules = (
			);
			dependencies = (
				018A9D362AB3CCD600BA6114 /* PBXTargetDependency */,
			);
			name = CatanScoreTests;
			productName = CatanScoreTests;
			productReference = 018A9D342AB3CCD600BA6114 /* CatanScoreTests.xctest */;
			productType = "com.apple.product-type.bundle.unit-test";
		};
		018A9D3D2AB3CCD600BA6114 /* CatanScoreUITests */ = {
			isa = PBXNativeTarget;
			buildConfigurationList = 018A9D4E2AB3CCD600BA6114 /* Build configuration list for PBXNativeTarget "CatanScoreUITests" */;
			buildPhases = (
				018A9D3A2AB3CCD600BA6114 /* Sources */,
				018A9D3B2AB3CCD600BA6114 /* Frameworks */,
				018A9D3C2AB3CCD600BA6114 /* Resources */,
			);
			buildRules = (
			);
			dependencies = (
				018A9D402AB3CCD600BA6114 /* PBXTargetDependency */,
			);
			name = CatanScoreUITests;
			productName = CatanScoreUITests;
			productReference = 018A9D3E2AB3CCD600BA6114 /* CatanScoreUITests.xctest */;
			productType = "com.apple.product-type.bundle.ui-testing";
		};
/* End PBXNativeTarget section */

/* Begin PBXProject section */
		018A9D1C2AB3CCD500BA6114 /* Project object */ = {
			isa = PBXProject;
			attributes = {
				BuildIndependentTargetsInParallel = 1;
				LastSwiftUpdateCheck = 1430;
				LastUpgradeCheck = 1430;
				TargetAttributes = {
					018A9D232AB3CCD500BA6114 = {
						CreatedOnToolsVersion = 14.3.1;
					};
					018A9D332AB3CCD600BA6114 = {
						CreatedOnToolsVersion = 14.3.1;
						TestTargetID = 018A9D232AB3CCD500BA6114;
					};
					018A9D3D2AB3CCD600BA6114 = {
						CreatedOnToolsVersion = 14.3.1;
						TestTargetID = 018A9D232AB3CCD500BA6114;
					};
				};
			};
			buildConfigurationList = 018A9D1F2AB3CCD500BA6114 /* Build configuration list for PBXProject "CatanScore" */;
			compatibilityVersion = "Xcode 14.0";
			developmentRegion = en;
			hasScannedForEncodings = 0;
			knownRegions = (
				en,
				Base,
			);
			mainGroup = 018A9D1B2AB3CCD500BA6114;
			productRefGroup = 018A9D252AB3CCD500BA6114 /* Products */;
			projectDirPath = "";
			projectRoot = "";
			targets = (
				018A9D232AB3CCD500BA6114 /* CatanScore */,
				018A9D332AB3CCD600BA6114 /* CatanScoreTests */,
				018A9D3D2AB3CCD600BA6114 /* CatanScoreUITests */,
			);
		};
/* End PBXProject section */

/* Begin PBXResourcesBuildPhase section */
		018A9D222AB3CCD500BA6114 /* Resources */ = {
			isa = PBXResourcesBuildPhase;
			buildActionMask = 2147483647;
			files = (
				018A9D2F2AB3CCD600BA6114 /* Preview Assets.xcassets in Resources */,
				018A9D2C2AB3CCD600BA6114 /* Assets.xcassets in Resources */,
			);
			runOnlyForDeploymentPostprocessing = 0;
		};
		018A9D322AB3CCD600BA6114 /* Resources */ = {
			isa = PBXResourcesBuildPhase;
			buildActionMask = 2147483647;
			files = (
			);
			runOnlyForDeploymentPostprocessing = 0;
		};
		018A9D3C2AB3CCD600BA6114 /* Resources */ = {
			isa = PBXResourcesBuildPhase;
			buildActionMask = 2147483647;
			files = (
			);
			runOnlyForDeploymentPostprocessing = 0;
		};
/* End PBXResourcesBuildPhase section */

/* Begin PBXSourcesBuildPhase section */
		018A9D202AB3CCD500BA6114 /* Sources */ = {
			isa = PBXSourcesBuildPhase;
			buildActionMask = 2147483647;
			files = (
				018A9D552AB8F57400BA6114 /* Player.swift in Sources */,
				018A9D532AB8CC6700BA6114 /* Theme.swift in Sources */,
				018A9D2A2AB3CCD500BA6114 /* ContentView.swift in Sources */,
				015CE9F52ABB42100074E929 /* PlayerView.swift in Sources */,
				018A9D282AB3CCD500BA6114 /* CatanScoreApp.swift in Sources */,
			);
			runOnlyForDeploymentPostprocessing = 0;
		};
		018A9D302AB3CCD600BA6114 /* Sources */ = {
			isa = PBXSourcesBuildPhase;
			buildActionMask = 2147483647;
			files = (
				018A9D392AB3CCD600BA6114 /* CatanScoreTests.swift in Sources */,
			);
			runOnlyForDeploymentPostprocessing = 0;
		};
		018A9D3A2AB3CCD600BA6114 /* Sources */ = {
			isa = PBXSourcesBuildPhase;
			buildActionMask = 2147483647;
			files = (
				018A9D432AB3CCD600BA6114 /* CatanScoreUITests.swift in Sources */,
				018A9D452AB3CCD600BA6114 /* CatanScoreUITestsLaunchTests.swift in Sources */,
			);
			runOnlyForDeploymentPostprocessing = 0;
		};
/* End PBXSourcesBuildPhase section */

/* Begin PBXTargetDependency section */
		018A9D362AB3CCD600BA6114 /* PBXTargetDependency */ = {
			isa = PBXTargetDependency;
			target = 018A9D232AB3CCD500BA6114 /* CatanScore */;
			targetProxy = 018A9D352AB3CCD600BA6114 /* PBXContainerItemProxy */;
		};
		018A9D402AB3CCD600BA6114 /* PBXTargetDependency */ = {
			isa = PBXTargetDependency;
			target = 018A9D232AB3CCD500BA6114 /* CatanScore */;
			targetProxy = 018A9D3F2AB3CCD600BA6114 /* PBXContainerItemProxy */;
		};
/* End PBXTargetDependency section */

/* Begin XCBuildConfiguration section */
		018A9D462AB3CCD600BA6114 /* Debug */ = {
			isa = XCBuildConfiguration;
			buildSettings = {
				ALWAYS_SEARCH_USER_PATHS = NO;
				CLANG_ANALYZER_NONNULL = YES;
				CLANG_ANALYZER_NUMBER_OBJECT_CONVERSION = YES_AGGRESSIVE;
				CLANG_CXX_LANGUAGE_STANDARD = "gnu++20";
				CLANG_ENABLE_MODULES = YES;
				CLANG_ENABLE_OBJC_ARC = YES;
				CLANG_ENABLE_OBJC_WEAK = YES;
				CLANG_WARN_BLOCK_CAPTURE_AUTORELEASING = YES;
				CLANG_WARN_BOOL_CONVERSION = YES;
				CLANG_WARN_COMMA = YES;
				CLANG_WARN_CONSTANT_CONVERSION = YES;
				CLANG_WARN_DEPRECATED_OBJC_IMPLEMENTATIONS = YES;
				CLANG_WARN_DIRECT_OBJC_ISA_USAGE = YES_ERROR;
				CLANG_WARN_DOCUMENTATION_COMMENTS = YES;
				CLANG_WARN_EMPTY_BODY = YES;
				CLANG_WARN_ENUM_CONVERSION = YES;
				CLANG_WARN_INFINITE_RECURSION = YES;
				CLANG_WARN_INT_CONVERSION = YES;
				CLANG_WARN_NON_LITERAL_NULL_CONVERSION = YES;
				CLANG_WARN_OBJC_IMPLICIT_RETAIN_SELF = YES;
				CLANG_WARN_OBJC_LITERAL_CONVERSION = YES;
				CLANG_WARN_OBJC_ROOT_CLASS = YES_ERROR;
				CLANG_WARN_QUOTED_INCLUDE_IN_FRAMEWORK_HEADER = YES;
				CLANG_WARN_RANGE_LOOP_ANALYSIS = YES;
				CLANG_WARN_STRICT_PROTOTYPES = YES;
				CLANG_WARN_SUSPICIOUS_MOVE = YES;
				CLANG_WARN_UNGUARDED_AVAILABILITY = YES_AGGRESSIVE;
				CLANG_WARN_UNREACHABLE_CODE = YES;
				CLANG_WARN__DUPLICATE_METHOD_MATCH = YES;
				COPY_PHASE_STRIP = NO;
				DEBUG_INFORMATION_FORMAT = dwarf;
				ENABLE_STRICT_OBJC_MSGSEND = YES;
				ENABLE_TESTABILITY = YES;
				GCC_C_LANGUAGE_STANDARD = gnu11;
				GCC_DYNAMIC_NO_PIC = NO;
				GCC_NO_COMMON_BLOCKS = YES;
				GCC_OPTIMIZATION_LEVEL = 0;
				GCC_PREPROCESSOR_DEFINITIONS = (
					"DEBUG=1",
					"$(inherited)",
				);
				GCC_WARN_64_TO_32_BIT_CONVERSION = YES;
				GCC_WARN_ABOUT_RETURN_TYPE = YES_ERROR;
				GCC_WARN_UNDECLARED_SELECTOR = YES;
				GCC_WARN_UNINITIALIZED_AUTOS = YES_AGGRESSIVE;
				GCC_WARN_UNUSED_FUNCTION = YES;
				GCC_WARN_UNUSED_VARIABLE = YES;
				IPHONEOS_DEPLOYMENT_TARGET = 16.4;
				MTL_ENABLE_DEBUG_INFO = INCLUDE_SOURCE;
				MTL_FAST_MATH = YES;
				ONLY_ACTIVE_ARCH = YES;
				SDKROOT = iphoneos;
				SWIFT_ACTIVE_COMPILATION_CONDITIONS = DEBUG;
				SWIFT_OPTIMIZATION_LEVEL = "-Onone";
			};
			name = Debug;
		};
		018A9D472AB3CCD600BA6114 /* Release */ = {
			isa = XCBuildConfiguration;
			buildSettings = {
				ALWAYS_SEARCH_USER_PATHS = NO;
				CLANG_ANALYZER_NONNULL = YES;
				CLANG_ANALYZER_NUMBER_OBJECT_CONVERSION = YES_AGGRESSIVE;
				CLANG_CXX_LANGUAGE_STANDARD = "gnu++20";
				CLANG_ENABLE_MODULES = YES;
				CLANG_ENABLE_OBJC_ARC = YES;
				CLANG_ENABLE_OBJC_WEAK = YES;
				CLANG_WARN_BLOCK_CAPTURE_AUTORELEASING = YES;
				CLANG_WARN_BOOL_CONVERSION = YES;
				CLANG_WARN_COMMA = YES;
				CLANG_WARN_CONSTANT_CONVERSION = YES;
				CLANG_WARN_DEPRECATED_OBJC_IMPLEMENTATIONS = YES;
				CLANG_WARN_DIRECT_OBJC_ISA_USAGE = YES_ERROR;
				CLANG_WARN_DOCUMENTATION_COMMENTS = YES;
				CLANG_WARN_EMPTY_BODY = YES;
				CLANG_WARN_ENUM_CONVERSION = YES;
				CLANG_WARN_INFINITE_RECURSION = YES;
				CLANG_WARN_INT_CONVERSION = YES;
				CLANG_WARN_NON_LITERAL_NULL_CONVERSION = YES;
				CLANG_WARN_OBJC_IMPLICIT_RETAIN_SELF = YES;
				CLANG_WARN_OBJC_LITERAL_CONVERSION = YES;
				CLANG_WARN_OBJC_ROOT_CLASS = YES_ERROR;
				CLANG_WARN_QUOTED_INCLUDE_IN_FRAMEWORK_HEADER = YES;
				CLANG_WARN_RANGE_LOOP_ANALYSIS = YES;
				CLANG_WARN_STRICT_PROTOTYPES = YES;
				CLANG_WARN_SUSPICIOUS_MOVE = YES;
				CLANG_WARN_UNGUARDED_AVAILABILITY = YES_AGGRESSIVE;
				CLANG_WARN_UNREACHABLE_CODE = YES;
				CLANG_WARN__DUPLICATE_METHOD_MATCH = YES;
				COPY_PHASE_STRIP = NO;
				DEBUG_INFORMATION_FORMAT = "dwarf-with-dsym";
				ENABLE_NS_ASSERTIONS = NO;
				ENABLE_STRICT_OBJC_MSGSEND = YES;
				GCC_C_LANGUAGE_STANDARD = gnu11;
				GCC_NO_COMMON_BLOCKS = YES;
				GCC_WARN_64_TO_32_BIT_CONVERSION = YES;
				GCC_WARN_ABOUT_RETURN_TYPE = YES_ERROR;
				GCC_WARN_UNDECLARED_SELECTOR = YES;
				GCC_WARN_UNINITIALIZED_AUTOS = YES_AGGRESSIVE;
				GCC_WARN_UNUSED_FUNCTION = YES;
				GCC_WARN_UNUSED_VARIABLE = YES;
				IPHONEOS_DEPLOYMENT_TARGET = 16.4;
				MTL_ENABLE_DEBUG_INFO = NO;
				MTL_FAST_MATH = YES;
				SDKROOT = iphoneos;
				SWIFT_COMPILATION_MODE = wholemodule;
				SWIFT_OPTIMIZATION_LEVEL = "-O";
				VALIDATE_PRODUCT = YES;
			};
			name = Release;
		};
		018A9D492AB3CCD600BA6114 /* Debug */ = {
			isa = XCBuildConfiguration;
			buildSettings = {
				ASSETCATALOG_COMPILER_APPICON_NAME = AppIcon;
				ASSETCATALOG_COMPILER_GLOBAL_ACCENT_COLOR_NAME = AccentColor;
				CODE_SIGN_STYLE = Automatic;
				CURRENT_PROJECT_VERSION = 1;
				DEVELOPMENT_ASSET_PATHS = "\"CatanScore/Preview Content\"";
				ENABLE_PREVIEWS = YES;
				GENERATE_INFOPLIST_FILE = YES;
				INFOPLIST_KEY_UIApplicationSceneManifest_Generation = YES;
				INFOPLIST_KEY_UIApplicationSupportsIndirectInputEvents = YES;
				INFOPLIST_KEY_UILaunchScreen_Generation = YES;
				INFOPLIST_KEY_UISupportedInterfaceOrientations_iPad = "UIInterfaceOrientationPortrait UIInterfaceOrientationPortraitUpsideDown UIInterfaceOrientationLandscapeLeft UIInterfaceOrientationLandscapeRight";
				INFOPLIST_KEY_UISupportedInterfaceOrientations_iPhone = "UIInterfaceOrientationPortrait UIInterfaceOrientationLandscapeLeft UIInterfaceOrientationLandscapeRight";
				LD_RUNPATH_SEARCH_PATHS = (
					"$(inherited)",
					"@executable_path/Frameworks",
				);
				MARKETING_VERSION = 1.0;
				PRODUCT_BUNDLE_IDENTIFIER = com.jtprofessionals.CatanScore;
				PRODUCT_NAME = "$(TARGET_NAME)";
				SWIFT_EMIT_LOC_STRINGS = YES;
				SWIFT_VERSION = 5.0;
				TARGETED_DEVICE_FAMILY = "1,2";
			};
			name = Debug;
		};
		018A9D4A2AB3CCD600BA6114 /* Release */ = {
			isa = XCBuildConfiguration;
			buildSettings = {
				ASSETCATALOG_COMPILER_APPICON_NAME = AppIcon;
				ASSETCATALOG_COMPILER_GLOBAL_ACCENT_COLOR_NAME = AccentColor;
				CODE_SIGN_STYLE = Automatic;
				CURRENT_PROJECT_VERSION = 1;
				DEVELOPMENT_ASSET_PATHS = "\"CatanScore/Preview Content\"";
				ENABLE_PREVIEWS = YES;
				GENERATE_INFOPLIST_FILE = YES;
				INFOPLIST_KEY_UIApplicationSceneManifest_Generation = YES;
				INFOPLIST_KEY_UIApplicationSupportsIndirectInputEvents = YES;
				INFOPLIST_KEY_UILaunchScreen_Generation = YES;
				INFOPLIST_KEY_UISupportedInterfaceOrientations_iPad = "UIInterfaceOrientationPortrait UIInterfaceOrientationPortraitUpsideDown UIInterfaceOrientationLandscapeLeft UIInterfaceOrientationLandscapeRight";
				INFOPLIST_KEY_UISupportedInterfaceOrientations_iPhone = "UIInterfaceOrientationPortrait UIInterfaceOrientationLandscapeLeft UIInterfaceOrientationLandscapeRight";
				LD_RUNPATH_SEARCH_PATHS = (
					"$(inherited)",
					"@executable_path/Frameworks",
				);
				MARKETING_VERSION = 1.0;
				PRODUCT_BUNDLE_IDENTIFIER = com.jtprofessionals.CatanScore;
				PRODUCT_NAME = "$(TARGET_NAME)";
				SWIFT_EMIT_LOC_STRINGS = YES;
				SWIFT_VERSION = 5.0;
				TARGETED_DEVICE_FAMILY = "1,2";
			};
			name = Release;
		};
		018A9D4C2AB3CCD600BA6114 /* Debug */ = {
			isa = XCBuildConfiguration;
			buildSettings = {
				ALWAYS_EMBED_SWIFT_STANDARD_LIBRARIES = YES;
				BUNDLE_LOADER = "$(TEST_HOST)";
				CODE_SIGN_STYLE = Automatic;
				CURRENT_PROJECT_VERSION = 1;
				GENERATE_INFOPLIST_FILE = YES;
				IPHONEOS_DEPLOYMENT_TARGET = 16.4;
				MARKETING_VERSION = 1.0;
				PRODUCT_BUNDLE_IDENTIFIER = com.jtprofessionals.CatanScoreTests;
				PRODUCT_NAME = "$(TARGET_NAME)";
				SWIFT_EMIT_LOC_STRINGS = NO;
				SWIFT_VERSION = 5.0;
				TARGETED_DEVICE_FAMILY = "1,2";
				TEST_HOST = "$(BUILT_PRODUCTS_DIR)/CatanScore.app/$(BUNDLE_EXECUTABLE_FOLDER_PATH)/CatanScore";
			};
			name = Debug;
		};
		018A9D4D2AB3CCD600BA6114 /* Release */ = {
			isa = XCBuildConfiguration;
			buildSettings = {
				ALWAYS_EMBED_SWIFT_STANDARD_LIBRARIES = YES;
				BUNDLE_LOADER = "$(TEST_HOST)";
				CODE_SIGN_STYLE = Automatic;
				CURRENT_PROJECT_VERSION = 1;
				GENERATE_INFOPLIST_FILE = YES;
				IPHONEOS_DEPLOYMENT_TARGET = 16.4;
				MARKETING_VERSION = 1.0;
				PRODUCT_BUNDLE_IDENTIFIER = com.jtprofessionals.CatanScoreTests;
				PRODUCT_NAME = "$(TARGET_NAME)";
				SWIFT_EMIT_LOC_STRINGS = NO;
				SWIFT_VERSION = 5.0;
				TARGETED_DEVICE_FAMILY = "1,2";
				TEST_HOST = "$(BUILT_PRODUCTS_DIR)/CatanScore.app/$(BUNDLE_EXECUTABLE_FOLDER_PATH)/CatanScore";
			};
			name = Release;
		};
		018A9D4F2AB3CCD600BA6114 /* Debug */ = {
			isa = XCBuildConfiguration;
			buildSettings = {
				ALWAYS_EMBED_SWIFT_STANDARD_LIBRARIES = YES;
				CODE_SIGN_STYLE = Automatic;
				CURRENT_PROJECT_VERSION = 1;
				GENERATE_INFOPLIST_FILE = YES;
				MARKETING_VERSION = 1.0;
				PRODUCT_BUNDLE_IDENTIFIER = com.jtprofessionals.CatanScoreUITests;
				PRODUCT_NAME = "$(TARGET_NAME)";
				SWIFT_EMIT_LOC_STRINGS = NO;
				SWIFT_VERSION = 5.0;
				TARGETED_DEVICE_FAMILY = "1,2";
				TEST_TARGET_NAME = CatanScore;
			};
			name = Debug;
		};
		018A9D502AB3CCD600BA6114 /* Release */ = {
			isa = XCBuildConfiguration;
			buildSettings = {
				ALWAYS_EMBED_SWIFT_STANDARD_LIBRARIES = YES;
				CODE_SIGN_STYLE = Automatic;
				CURRENT_PROJECT_VERSION = 1;
				GENERATE_INFOPLIST_FILE = YES;
				MARKETING_VERSION = 1.0;
				PRODUCT_BUNDLE_IDENTIFIER = com.jtprofessionals.CatanScoreUITests;
				PRODUCT_NAME = "$(TARGET_NAME)";
				SWIFT_EMIT_LOC_STRINGS = NO;
				SWIFT_VERSION = 5.0;
				TARGETED_DEVICE_FAMILY = "1,2";
				TEST_TARGET_NAME = CatanScore;
			};
			name = Release;
		};
/* End XCBuildConfiguration section */

/* Begin XCConfigurationList section */
		018A9D1F2AB3CCD500BA6114 /* Build configuration list for PBXProject "CatanScore" */ = {
			isa = XCConfigurationList;
			buildConfigurations = (
				018A9D462AB3CCD600BA6114 /* Debug */,
				018A9D472AB3CCD600BA6114 /* Release */,
			);
			defaultConfigurationIsVisible = 0;
			defaultConfigurationName = Release;
		};
		018A9D482AB3CCD600BA6114 /* Build configuration list for PBXNativeTarget "CatanScore" */ = {
			isa = XCConfigurationList;
			buildConfigurations = (
				018A9D492AB3CCD600BA6114 /* Debug */,
				018A9D4A2AB3CCD600BA6114 /* Release */,
			);
			defaultConfigurationIsVisible = 0;
			defaultConfigurationName = Release;
		};
		018A9D4B2AB3CCD600BA6114 /* Build configuration list for PBXNativeTarget "CatanScoreTests" */ = {
			isa = XCConfigurationList;
			buildConfigurations = (
				018A9D4C2AB3CCD600BA6114 /* Debug */,
				018A9D4D2AB3CCD600BA6114 /* Release */,
			);
			defaultConfigurationIsVisible = 0;
			defaultConfigurationName = Release;
		};
		018A9D4E2AB3CCD600BA6114 /* Build configuration list for PBXNativeTarget "CatanScoreUITests" */ = {
			isa = XCConfigurationList;
			buildConfigurations = (
				018A9D4F2AB3CCD600BA6114 /* Debug */,
				018A9D502AB3CCD600BA6114 /* Release */,
			);
			defaultConfigurationIsVisible = 0;
			defaultConfigurationName = Release;
		};
/* End XCConfigurationList section */
	};
	rootObject = 018A9D1C2AB3CCD500BA6114 /* Project object */;
}
